// !$*UTF8*$!
{
	archiveVersion = 1;
	classes = {
	};
	objectVersion = 50;
	objects = {

/* Begin PBXBuildFile section */
		500D23DD20E6AE7800AACF84 /* AppDelegate.swift in Sources */ = {isa = PBXBuildFile; fileRef = 500D23DC20E6AE7800AACF84 /* AppDelegate.swift */; };
		500D23DF20E6AE7800AACF84 /* ViewController.swift in Sources */ = {isa = PBXBuildFile; fileRef = 500D23DE20E6AE7800AACF84 /* ViewController.swift */; };
		500D23E120E6AE7A00AACF84 /* Assets.xcassets in Resources */ = {isa = PBXBuildFile; fileRef = 500D23E020E6AE7A00AACF84 /* Assets.xcassets */; };
		500D23E420E6AE7A00AACF84 /* Main.storyboard in Resources */ = {isa = PBXBuildFile; fileRef = 500D23E220E6AE7A00AACF84 /* Main.storyboard */; };
		500D23F020E6AE7A00AACF84 /* MetalIntro1Tests.swift in Sources */ = {isa = PBXBuildFile; fileRef = 500D23EF20E6AE7A00AACF84 /* MetalIntro1Tests.swift */; };
		500D23FB20E6AE7A00AACF84 /* MetalIntro1UITests.swift in Sources */ = {isa = PBXBuildFile; fileRef = 500D23FA20E6AE7A00AACF84 /* MetalIntro1UITests.swift */; };
		505ADFFC20E802B0007A2AAE /* Renderer.swift in Sources */ = {isa = PBXBuildFile; fileRef = 505ADFFB20E802B0007A2AAE /* Renderer.swift */; };
		50BA2BE620EC09BE002246D9 /* Shaders.metal in Sources */ = {isa = PBXBuildFile; fileRef = 50BA2BE520EC09BE002246D9 /* Shaders.metal */; };
/* End PBXBuildFile section */

/* Begin PBXContainerItemProxy section */
		500D23EC20E6AE7A00AACF84 /* PBXContainerItemProxy */ = {
			isa = PBXContainerItemProxy;
			containerPortal = 500D23D120E6AE7800AACF84 /* Project object */;
			proxyType = 1;
			remoteGlobalIDString = 500D23D820E6AE7800AACF84;
			remoteInfo = MetalIntro1;
		};
		500D23F720E6AE7A00AACF84 /* PBXContainerItemProxy */ = {
			isa = PBXContainerItemProxy;
			containerPortal = 500D23D120E6AE7800AACF84 /* Project object */;
			proxyType = 1;
			remoteGlobalIDString = 500D23D820E6AE7800AACF84;
			remoteInfo = MetalIntro1;
		};
/* End PBXContainerItemProxy section */

/* Begin PBXFileReference section */
		500D23D920E6AE7800AACF84 /* MetalIntro1.app */ = {isa = PBXFileReference; explicitFileType = wrapper.application; includeInIndex = 0; path = MetalIntro1.app; sourceTree = BUILT_PRODUCTS_DIR; };
		500D23DC20E6AE7800AACF84 /* AppDelegate.swift */ = {isa = PBXFileReference; lastKnownFileType = sourcecode.swift; path = AppDelegate.swift; sourceTree = "<group>"; };
		500D23DE20E6AE7800AACF84 /* ViewController.swift */ = {isa = PBXFileReference; lastKnownFileType = sourcecode.swift; path = ViewController.swift; sourceTree = "<group>"; };
		500D23E020E6AE7A00AACF84 /* Assets.xcassets */ = {isa = PBXFileReference; lastKnownFileType = folder.assetcatalog; path = Assets.xcassets; sourceTree = "<group>"; };
		500D23E320E6AE7A00AACF84 /* Base */ = {isa = PBXFileReference; lastKnownFileType = file.storyboard; name = Base; path = Base.lproj/Main.storyboard; sourceTree = "<group>"; };
		500D23E520E6AE7A00AACF84 /* Info.plist */ = {isa = PBXFileReference; lastKnownFileType = text.plist.xml; path = Info.plist; sourceTree = "<group>"; };
		500D23E620E6AE7A00AACF84 /* MetalIntro1.entitlements */ = {isa = PBXFileReference; lastKnownFileType = text.plist.entitlements; path = MetalIntro1.entitlements; sourceTree = "<group>"; };
		500D23EB20E6AE7A00AACF84 /* MetalIntro1Tests.xctest */ = {isa = PBXFileReference; explicitFileType = wrapper.cfbundle; includeInIndex = 0; path = MetalIntro1Tests.xctest; sourceTree = BUILT_PRODUCTS_DIR; };
		500D23EF20E6AE7A00AACF84 /* MetalIntro1Tests.swift */ = {isa = PBXFileReference; lastKnownFileType = sourcecode.swift; path = MetalIntro1Tests.swift; sourceTree = "<group>"; };
		500D23F120E6AE7A00AACF84 /* Info.plist */ = {isa = PBXFileReference; lastKnownFileType = text.plist.xml; path = Info.plist; sourceTree = "<group>"; };
		500D23F620E6AE7A00AACF84 /* MetalIntro1UITests.xctest */ = {isa = PBXFileReference; explicitFileType = wrapper.cfbundle; includeInIndex = 0; path = MetalIntro1UITests.xctest; sourceTree = BUILT_PRODUCTS_DIR; };
		500D23FA20E6AE7A00AACF84 /* MetalIntro1UITests.swift */ = {isa = PBXFileReference; lastKnownFileType = sourcecode.swift; path = MetalIntro1UITests.swift; sourceTree = "<group>"; };
		500D23FC20E6AE7A00AACF84 /* Info.plist */ = {isa = PBXFileReference; lastKnownFileType = text.plist.xml; path = Info.plist; sourceTree = "<group>"; };
		50404FE420EB114D000C7929 /* MetalIntro1-Bridging-Header.h */ = {isa = PBXFileReference; lastKnownFileType = sourcecode.c.h; path = "MetalIntro1-Bridging-Header.h"; sourceTree = "<group>"; };
		50404FE720EB11F3000C7929 /* ShaderDefinitions.h */ = {isa = PBXFileReference; lastKnownFileType = sourcecode.c.h; path = ShaderDefinitions.h; sourceTree = "<group>"; };
		505ADFFB20E802B0007A2AAE /* Renderer.swift */ = {isa = PBXFileReference; lastKnownFileType = sourcecode.swift; path = Renderer.swift; sourceTree = "<group>"; };
		50BA2BE520EC09BE002246D9 /* Shaders.metal */ = {isa = PBXFileReference; lastKnownFileType = sourcecode.metal; path = Shaders.metal; sourceTree = "<group>"; };
/* End PBXFileReference section */

/* Begin PBXFrameworksBuildPhase section */
		500D23D620E6AE7800AACF84 /* Frameworks */ = {
			isa = PBXFrameworksBuildPhase;
			buildActionMask = 2147483647;
			files = (
			);
			runOnlyForDeploymentPostprocessing = 0;
		};
		500D23E820E6AE7A00AACF84 /* Frameworks */ = {
			isa = PBXFrameworksBuildPhase;
			buildActionMask = 2147483647;
			files = (
			);
			runOnlyForDeploymentPostprocessing = 0;
		};
		500D23F320E6AE7A00AACF84 /* Frameworks */ = {
			isa = PBXFrameworksBuildPhase;
			buildActionMask = 2147483647;
			files = (
			);
			runOnlyForDeploymentPostprocessing = 0;
		};
/* End PBXFrameworksBuildPhase section */

/* Begin PBXGroup section */
		500D23D020E6AE7800AACF84 = {
			isa = PBXGroup;
			children = (
				500D23DB20E6AE7800AACF84 /* MetalIntro1 */,
				500D23EE20E6AE7A00AACF84 /* MetalIntro1Tests */,
				500D23F920E6AE7A00AACF84 /* MetalIntro1UITests */,
				500D23DA20E6AE7800AACF84 /* Products */,
			);
			sourceTree = "<group>";
		};
		500D23DA20E6AE7800AACF84 /* Products */ = {
			isa = PBXGroup;
			children = (
				500D23D920E6AE7800AACF84 /* MetalIntro1.app */,
				500D23EB20E6AE7A00AACF84 /* MetalIntro1Tests.xctest */,
				500D23F620E6AE7A00AACF84 /* MetalIntro1UITests.xctest */,
			);
			name = Products;
			sourceTree = "<group>";
		};
		500D23DB20E6AE7800AACF84 /* MetalIntro1 */ = {
			isa = PBXGroup;
			children = (
				500D23DC20E6AE7800AACF84 /* AppDelegate.swift */,
				500D23DE20E6AE7800AACF84 /* ViewController.swift */,
				505ADFFB20E802B0007A2AAE /* Renderer.swift */,
				500D23E020E6AE7A00AACF84 /* Assets.xcassets */,
				500D23E220E6AE7A00AACF84 /* Main.storyboard */,
				500D23E520E6AE7A00AACF84 /* Info.plist */,
				500D23E620E6AE7A00AACF84 /* MetalIntro1.entitlements */,
				50404FE420EB114D000C7929 /* MetalIntro1-Bridging-Header.h */,
				50404FE720EB11F3000C7929 /* ShaderDefinitions.h */,
				50BA2BE520EC09BE002246D9 /* Shaders.metal */,
			);
			path = MetalIntro1;
			sourceTree = "<group>";
		};
		500D23EE20E6AE7A00AACF84 /* MetalIntro1Tests */ = {
			isa = PBXGroup;
			children = (
				500D23EF20E6AE7A00AACF84 /* MetalIntro1Tests.swift */,
				500D23F120E6AE7A00AACF84 /* Info.plist */,
			);
			path = MetalIntro1Tests;
			sourceTree = "<group>";
		};
		500D23F920E6AE7A00AACF84 /* MetalIntro1UITests */ = {
			isa = PBXGroup;
			children = (
				500D23FA20E6AE7A00AACF84 /* MetalIntro1UITests.swift */,
				500D23FC20E6AE7A00AACF84 /* Info.plist */,
			);
			path = MetalIntro1UITests;
			sourceTree = "<group>";
		};
/* End PBXGroup section */

/* Begin PBXNativeTarget section */
		500D23D820E6AE7800AACF84 /* MetalIntro1 */ = {
			isa = PBXNativeTarget;
			buildConfigurationList = 500D23FF20E6AE7A00AACF84 /* Build configuration list for PBXNativeTarget "MetalIntro1" */;
			buildPhases = (
				500D23D520E6AE7800AACF84 /* Sources */,
				500D23D620E6AE7800AACF84 /* Frameworks */,
				500D23D720E6AE7800AACF84 /* Resources */,
			);
			buildRules = (
			);
			dependencies = (
			);
			name = MetalIntro1;
			productName = MetalIntro1;
			productReference = 500D23D920E6AE7800AACF84 /* MetalIntro1.app */;
			productType = "com.apple.product-type.application";
		};
		500D23EA20E6AE7A00AACF84 /* MetalIntro1Tests */ = {
			isa = PBXNativeTarget;
			buildConfigurationList = 500D240220E6AE7A00AACF84 /* Build configuration list for PBXNativeTarget "MetalIntro1Tests" */;
			buildPhases = (
				500D23E720E6AE7A00AACF84 /* Sources */,
				500D23E820E6AE7A00AACF84 /* Frameworks */,
				500D23E920E6AE7A00AACF84 /* Resources */,
			);
			buildRules = (
			);
			dependencies = (
				500D23ED20E6AE7A00AACF84 /* PBXTargetDependency */,
			);
			name = MetalIntro1Tests;
			productName = MetalIntro1Tests;
			productReference = 500D23EB20E6AE7A00AACF84 /* MetalIntro1Tests.xctest */;
			productType = "com.apple.product-type.bundle.unit-test";
		};
		500D23F520E6AE7A00AACF84 /* MetalIntro1UITests */ = {
			isa = PBXNativeTarget;
			buildConfigurationList = 500D240520E6AE7A00AACF84 /* Build configuration list for PBXNativeTarget "MetalIntro1UITests" */;
			buildPhases = (
				500D23F220E6AE7A00AACF84 /* Sources */,
				500D23F320E6AE7A00AACF84 /* Frameworks */,
				500D23F420E6AE7A00AACF84 /* Resources */,
			);
			buildRules = (
			);
			dependencies = (
				500D23F820E6AE7A00AACF84 /* PBXTargetDependency */,
			);
			name = MetalIntro1UITests;
			productName = MetalIntro1UITests;
			productReference = 500D23F620E6AE7A00AACF84 /* MetalIntro1UITests.xctest */;
			productType = "com.apple.product-type.bundle.ui-testing";
		};
/* End PBXNativeTarget section */

/* Begin PBXProject section */
		500D23D120E6AE7800AACF84 /* Project object */ = {
			isa = PBXProject;
			attributes = {
				LastSwiftUpdateCheck = 0940;
				LastUpgradeCheck = 0940;
				ORGANIZATIONNAME = donaldpinckney;
				TargetAttributes = {
					500D23D820E6AE7800AACF84 = {
						CreatedOnToolsVersion = 9.4.1;
						LastSwiftMigration = 0940;
					};
					500D23EA20E6AE7A00AACF84 = {
						CreatedOnToolsVersion = 9.4.1;
						TestTargetID = 500D23D820E6AE7800AACF84;
					};
					500D23F520E6AE7A00AACF84 = {
						CreatedOnToolsVersion = 9.4.1;
						TestTargetID = 500D23D820E6AE7800AACF84;
					};
				};
			};
			buildConfigurationList = 500D23D420E6AE7800AACF84 /* Build configuration list for PBXProject "MetalIntro1" */;
			compatibilityVersion = "Xcode 9.3";
			developmentRegion = en;
			hasScannedForEncodings = 0;
			knownRegions = (
				en,
				Base,
			);
			mainGroup = 500D23D020E6AE7800AACF84;
			productRefGroup = 500D23DA20E6AE7800AACF84 /* Products */;
			projectDirPath = "";
			projectRoot = "";
			targets = (
				500D23D820E6AE7800AACF84 /* MetalIntro1 */,
				500D23EA20E6AE7A00AACF84 /* MetalIntro1Tests */,
				500D23F520E6AE7A00AACF84 /* MetalIntro1UITests */,
			);
		};
/* End PBXProject section */

/* Begin PBXResourcesBuildPhase section */
		500D23D720E6AE7800AACF84 /* Resources */ = {
			isa = PBXResourcesBuildPhase;
			buildActionMask = 2147483647;
			files = (
				500D23E120E6AE7A00AACF84 /* Assets.xcassets in Resources */,
				500D23E420E6AE7A00AACF84 /* Main.storyboard in Resources */,
			);
			runOnlyForDeploymentPostprocessing = 0;
		};
		500D23E920E6AE7A00AACF84 /* Resources */ = {
			isa = PBXResourcesBuildPhase;
			buildActionMask = 2147483647;
			files = (
			);
			runOnlyForDeploymentPostprocessing = 0;
		};
		500D23F420E6AE7A00AACF84 /* Resources */ = {
			isa = PBXResourcesBuildPhase;
			buildActionMask = 2147483647;
			files = (
			);
			runOnlyForDeploymentPostprocessing = 0;
		};
/* End PBXResourcesBuildPhase section */

/* Begin PBXSourcesBuildPhase section */
		500D23D520E6AE7800AACF84 /* Sources */ = {
			isa = PBXSourcesBuildPhase;
			buildActionMask = 2147483647;
			files = (
				50BA2BE620EC09BE002246D9 /* Shaders.metal in Sources */,
				500D23DF20E6AE7800AACF84 /* ViewController.swift in Sources */,
				505ADFFC20E802B0007A2AAE /* Renderer.swift in Sources */,
				500D23DD20E6AE7800AACF84 /* AppDelegate.swift in Sources */,
			);
			runOnlyForDeploymentPostprocessing = 0;
		};
		500D23E720E6AE7A00AACF84 /* Sources */ = {
			isa = PBXSourcesBuildPhase;
			buildActionMask = 2147483647;
			files = (
				500D23F020E6AE7A00AACF84 /* MetalIntro1Tests.swift in Sources */,
			);
			runOnlyForDeploymentPostprocessing = 0;
		};
		500D23F220E6AE7A00AACF84 /* Sources */ = {
			isa = PBXSourcesBuildPhase;
			buildActionMask = 2147483647;
			files = (
				500D23FB20E6AE7A00AACF84 /* MetalIntro1UITests.swift in Sources */,
			);
			runOnlyForDeploymentPostprocessing = 0;
		};
/* End PBXSourcesBuildPhase section */

/* Begin PBXTargetDependency section */
		500D23ED20E6AE7A00AACF84 /* PBXTargetDependency */ = {
			isa = PBXTargetDependency;
			target = 500D23D820E6AE7800AACF84 /* MetalIntro1 */;
			targetProxy = 500D23EC20E6AE7A00AACF84 /* PBXContainerItemProxy */;
		};
		500D23F820E6AE7A00AACF84 /* PBXTargetDependency */ = {
			isa = PBXTargetDependency;
			target = 500D23D820E6AE7800AACF84 /* MetalIntro1 */;
			targetProxy = 500D23F720E6AE7A00AACF84 /* PBXContainerItemProxy */;
		};
/* End PBXTargetDependency section */

/* Begin PBXVariantGroup section */
		500D23E220E6AE7A00AACF84 /* Main.storyboard */ = {
			isa = PBXVariantGroup;
			children = (
				500D23E320E6AE7A00AACF84 /* Base */,
			);
			name = Main.storyboard;
			sourceTree = "<group>";
		};
/* End PBXVariantGroup section */

/* Begin XCBuildConfiguration section */
		500D23FD20E6AE7A00AACF84 /* Debug */ = {
			isa = XCBuildConfiguration;
			buildSettings = {
				ALWAYS_SEARCH_USER_PATHS = NO;
				CLANG_ANALYZER_NONNULL = YES;
				CLANG_ANALYZER_NUMBER_OBJECT_CONVERSION = YES_AGGRESSIVE;
				CLANG_CXX_LANGUAGE_STANDARD = "gnu++14";
				CLANG_CXX_LIBRARY = "libc++";
				CLANG_ENABLE_MODULES = YES;
				CLANG_ENABLE_OBJC_ARC = YES;
				CLANG_ENABLE_OBJC_WEAK = YES;
				CLANG_WARN_BLOCK_CAPTURE_AUTORELEASING = YES;
				CLANG_WARN_BOOL_CONVERSION = YES;
				CLANG_WARN_COMMA = YES;
				CLANG_WARN_CONSTANT_CONVERSION = YES;
				CLANG_WARN_DEPRECATED_OBJC_IMPLEMENTATIONS = YES;
				CLANG_WARN_DIRECT_OBJC_ISA_USAGE = YES_ERROR;
				CLANG_WARN_DOCUMENTATION_COMMENTS = YES;
				CLANG_WARN_EMPTY_BODY = YES;
				CLANG_WARN_ENUM_CONVERSION = YES;
				CLANG_WARN_INFINITE_RECURSION = YES;
				CLANG_WARN_INT_CONVERSION = YES;
				CLANG_WARN_NON_LITERAL_NULL_CONVERSION = YES;
				CLANG_WARN_OBJC_IMPLICIT_RETAIN_SELF = YES;
				CLANG_WARN_OBJC_LITERAL_CONVERSION = YES;
				CLANG_WARN_OBJC_ROOT_CLASS = YES_ERROR;
				CLANG_WARN_RANGE_LOOP_ANALYSIS = YES;
				CLANG_WARN_STRICT_PROTOTYPES = YES;
				CLANG_WARN_SUSPICIOUS_MOVE = YES;
				CLANG_WARN_UNGUARDED_AVAILABILITY = YES_AGGRESSIVE;
				CLANG_WARN_UNREACHABLE_CODE = YES;
				CLANG_WARN__DUPLICATE_METHOD_MATCH = YES;
				CODE_SIGN_IDENTITY = "Mac Developer";
				COPY_PHASE_STRIP = NO;
				DEBUG_INFORMATION_FORMAT = dwarf;
				ENABLE_STRICT_OBJC_MSGSEND = YES;
				ENABLE_TESTABILITY = YES;
				GCC_C_LANGUAGE_STANDARD = gnu11;
				GCC_DYNAMIC_NO_PIC = NO;
				GCC_NO_COMMON_BLOCKS = YES;
				GCC_OPTIMIZATION_LEVEL = 0;
				GCC_PREPROCESSOR_DEFINITIONS = (
					"DEBUG=1",
					"$(inherited)",
				);
				GCC_WARN_64_TO_32_BIT_CONVERSION = YES;
				GCC_WARN_ABOUT_RETURN_TYPE = YES_ERROR;
				GCC_WARN_UNDECLARED_SELECTOR = YES;
				GCC_WARN_UNINITIALIZED_AUTOS = YES_AGGRESSIVE;
				GCC_WARN_UNUSED_FUNCTION = YES;
				GCC_WARN_UNUSED_VARIABLE = YES;
				MACOSX_DEPLOYMENT_TARGET = 10.13;
				MTL_ENABLE_DEBUG_INFO = YES;
				ONLY_ACTIVE_ARCH = YES;
				SDKROOT = macosx;
				SWIFT_ACTIVE_COMPILATION_CONDITIONS = DEBUG;
				SWIFT_OPTIMIZATION_LEVEL = "-Onone";
			};
			name = Debug;
		};
		500D23FE20E6AE7A00AACF84 /* Release */ = {
			isa = XCBuildConfiguration;
			buildSettings = {
				ALWAYS_SEARCH_USER_PATHS = NO;
				CLANG_ANALYZER_NONNULL = YES;
				CLANG_ANALYZER_NUMBER_OBJECT_CONVERSION = YES_AGGRESSIVE;
				CLANG_CXX_LANGUAGE_STANDARD = "gnu++14";
				CLANG_CXX_LIBRARY = "libc++";
				CLANG_ENABLE_MODULES = YES;
				CLANG_ENABLE_OBJC_ARC = YES;
				CLANG_ENABLE_OBJC_WEAK = YES;
				CLANG_WARN_BLOCK_CAPTURE_AUTORELEASING = YES;
				CLANG_WARN_BOOL_CONVERSION = YES;
				CLANG_WARN_COMMA = YES;
				CLANG_WARN_CONSTANT_CONVERSION = YES;
				CLANG_WARN_DEPRECATED_OBJC_IMPLEMENTATIONS = YES;
				CLANG_WARN_DIRECT_OBJC_ISA_USAGE = YES_ERROR;
				CLANG_WARN_DOCUMENTATION_COMMENTS = YES;
				CLANG_WARN_EMPTY_BODY = YES;
				CLANG_WARN_ENUM_CONVERSION = YES;
				CLANG_WARN_INFINITE_RECURSION = YES;
				CLANG_WARN_INT_CONVERSION = YES;
				CLANG_WARN_NON_LITERAL_NULL_CONVERSION = YES;
				CLANG_WARN_OBJC_IMPLICIT_RETAIN_SELF = YES;
				CLANG_WARN_OBJC_LITERAL_CONVERSION = YES;
				CLANG_WARN_OBJC_ROOT_CLASS = YES_ERROR;
				CLANG_WARN_RANGE_LOOP_ANALYSIS = YES;
				CLANG_WARN_STRICT_PROTOTYPES = YES;
				CLANG_WARN_SUSPICIOUS_MOVE = YES;
				CLANG_WARN_UNGUARDED_AVAILABILITY = YES_AGGRESSIVE;
				CLANG_WARN_UNREACHABLE_CODE = YES;
				CLANG_WARN__DUPLICATE_METHOD_MATCH = YES;
				CODE_SIGN_IDENTITY = "Mac Developer";
				COPY_PHASE_STRIP = NO;
				DEBUG_INFORMATION_FORMAT = "dwarf-with-dsym";
				ENABLE_NS_ASSERTIONS = NO;
				ENABLE_STRICT_OBJC_MSGSEND = YES;
				GCC_C_LANGUAGE_STANDARD = gnu11;
				GCC_NO_COMMON_BLOCKS = YES;
				GCC_WARN_64_TO_32_BIT_CONVERSION = YES;
				GCC_WARN_ABOUT_RETURN_TYPE = YES_ERROR;
				GCC_WARN_UNDECLARED_SELECTOR = YES;
				GCC_WARN_UNINITIALIZED_AUTOS = YES_AGGRESSIVE;
				GCC_WARN_UNUSED_FUNCTION = YES;
				GCC_WARN_UNUSED_VARIABLE = YES;
				MACOSX_DEPLOYMENT_TARGET = 10.13;
				MTL_ENABLE_DEBUG_INFO = NO;
				SDKROOT = macosx;
				SWIFT_COMPILATION_MODE = wholemodule;
				SWIFT_OPTIMIZATION_LEVEL = "-O";
			};
			name = Release;
		};
		500D240020E6AE7A00AACF84 /* Debug */ = {
			isa = XCBuildConfiguration;
			buildSettings = {
				ASSETCATALOG_COMPILER_APPICON_NAME = AppIcon;
				CLANG_ENABLE_MODULES = YES;
				CODE_SIGN_ENTITLEMENTS = MetalIntro1/MetalIntro1.entitlements;
				CODE_SIGN_STYLE = Automatic;
				COMBINE_HIDPI_IMAGES = YES;
				DEVELOPMENT_TEAM = V3ZMF74ZBW;
				INFOPLIST_FILE = MetalIntro1/Info.plist;
				LD_RUNPATH_SEARCH_PATHS = (
					"$(inherited)",
					"@executable_path/../Frameworks",
				);
				PRODUCT_BUNDLE_IDENTIFIER = com.donaldpinckney.MetalIntro1;
				PRODUCT_NAME = "$(TARGET_NAME)";
				SWIFT_OBJC_BRIDGING_HEADER = "MetalIntro1/MetalIntro1-Bridging-Header.h";
				SWIFT_OPTIMIZATION_LEVEL = "-Onone";
				SWIFT_VERSION = 4.0;
			};
			name = Debug;
		};
		500D240120E6AE7A00AACF84 /* Release */ = {
			isa = XCBuildConfiguration;
			buildSettings = {
				ASSETCATALOG_COMPILER_APPICON_NAME = AppIcon;
				CLANG_ENABLE_MODULES = YES;
				CODE_SIGN_ENTITLEMENTS = MetalIntro1/MetalIntro1.entitlements;
				CODE_SIGN_STYLE = Automatic;
				COMBINE_HIDPI_IMAGES = YES;
				DEVELOPMENT_TEAM = V3ZMF74ZBW;
				INFOPLIST_FILE = MetalIntro1/Info.plist;
				LD_RUNPATH_SEARCH_PATHS = (
					"$(inherited)",
					"@executable_path/../Frameworks",
				);
				PRODUCT_BUNDLE_IDENTIFIER = com.donaldpinckney.MetalIntro1;
				PRODUCT_NAME = "$(TARGET_NAME)";
				SWIFT_OBJC_BRIDGING_HEADER = "MetalIntro1/MetalIntro1-Bridging-Header.h";
				SWIFT_VERSION = 4.0;
			};
			name = Release;
		};
		500D240320E6AE7A00AACF84 /* Debug */ = {
			isa = XCBuildConfiguration;
			buildSettings = {
				ALWAYS_EMBED_SWIFT_STANDARD_LIBRARIES = YES;
				BUNDLE_LOADER = "$(TEST_HOST)";
				CODE_SIGN_STYLE = Automatic;
				COMBINE_HIDPI_IMAGES = YES;
				DEVELOPMENT_TEAM = V3ZMF74ZBW;
				INFOPLIST_FILE = MetalIntro1Tests/Info.plist;
				LD_RUNPATH_SEARCH_PATHS = (
					"$(inherited)",
					"@executable_path/../Frameworks",
					"@loader_path/../Frameworks",
				);
				PRODUCT_BUNDLE_IDENTIFIER = com.donaldpinckney.MetalIntro1Tests;
				PRODUCT_NAME = "$(TARGET_NAME)";
				SWIFT_VERSION = 4.0;
				TEST_HOST = "$(BUILT_PRODUCTS_DIR)/MetalIntro1.app/Contents/MacOS/MetalIntro1";
			};
			name = Debug;
		};
		500D240420E6AE7A00AACF84 /* Release */ = {
			isa = XCBuildConfiguration;
			buildSettings = {
				ALWAYS_EMBED_SWIFT_STANDARD_LIBRARIES = YES;
				BUNDLE_LOADER = "$(TEST_HOST)";
				CODE_SIGN_STYLE = Automatic;
				COMBINE_HIDPI_IMAGES = YES;
				DEVELOPMENT_TEAM = V3ZMF74ZBW;
				INFOPLIST_FILE = MetalIntro1Tests/Info.plist;
				LD_RUNPATH_SEARCH_PATHS = (
					"$(inherited)",
					"@executable_path/../Frameworks",
					"@loader_path/../Frameworks",
				);
				PRODUCT_BUNDLE_IDENTIFIER = com.donaldpinckney.MetalIntro1Tests;
				PRODUCT_NAME = "$(TARGET_NAME)";
				SWIFT_VERSION = 4.0;
				TEST_HOST = "$(BUILT_PRODUCTS_DIR)/MetalIntro1.app/Contents/MacOS/MetalIntro1";
			};
			name = Release;
		};
		500D240620E6AE7A00AACF84 /* Debug */ = {
			isa = XCBuildConfiguration;
			buildSettings = {
				ALWAYS_EMBED_SWIFT_STANDARD_LIBRARIES = YES;
				CODE_SIGN_STYLE = Automatic;
				COMBINE_HIDPI_IMAGES = YES;
				DEVELOPMENT_TEAM = V3ZMF74ZBW;
				INFOPLIST_FILE = MetalIntro1UITests/Info.plist;
				LD_RUNPATH_SEARCH_PATHS = (
					"$(inherited)",
					"@executable_path/../Frameworks",
					"@loader_path/../Frameworks",
				);
				PRODUCT_BUNDLE_IDENTIFIER = com.donaldpinckney.MetalIntro1UITests;
				PRODUCT_NAME = "$(TARGET_NAME)";
				SWIFT_VERSION = 4.0;
				TEST_TARGET_NAME = MetalIntro1;
			};
			name = Debug;
		};
		500D240720E6AE7A00AACF84 /* Release */ = {
			isa = XCBuildConfiguration;
			buildSettings = {
				ALWAYS_EMBED_SWIFT_STANDARD_LIBRARIES = YES;
				CODE_SIGN_STYLE = Automatic;
				COMBINE_HIDPI_IMAGES = YES;
				DEVELOPMENT_TEAM = V3ZMF74ZBW;
				INFOPLIST_FILE = MetalIntro1UITests/Info.plist;
				LD_RUNPATH_SEARCH_PATHS = (
					"$(inherited)",
					"@executable_path/../Frameworks",
					"@loader_path/../Frameworks",
				);
				PRODUCT_BUNDLE_IDENTIFIER = com.donaldpinckney.MetalIntro1UITests;
				PRODUCT_NAME = "$(TARGET_NAME)";
				SWIFT_VERSION = 4.0;
				TEST_TARGET_NAME = MetalIntro1;
			};
			name = Release;
		};
/* End XCBuildConfiguration section */

/* Begin XCConfigurationList section */
		500D23D420E6AE7800AACF84 /* Build configuration list for PBXProject "MetalIntro1" */ = {
			isa = XCConfigurationList;
			buildConfigurations = (
				500D23FD20E6AE7A00AACF84 /* Debug */,
				500D23FE20E6AE7A00AACF84 /* Release */,
			);
			defaultConfigurationIsVisible = 0;
			defaultConfigurationName = Release;
		};
		500D23FF20E6AE7A00AACF84 /* Build configuration list for PBXNativeTarget "MetalIntro1" */ = {
			isa = XCConfigurationList;
			buildConfigurations = (
				500D240020E6AE7A00AACF84 /* Debug */,
				500D240120E6AE7A00AACF84 /* Release */,
			);
			defaultConfigurationIsVisible = 0;
			defaultConfigurationName = Release;
		};
		500D240220E6AE7A00AACF84 /* Build configuration list for PBXNativeTarget "MetalIntro1Tests" */ = {
			isa = XCConfigurationList;
			buildConfigurations = (
				500D240320E6AE7A00AACF84 /* Debug */,
				500D240420E6AE7A00AACF84 /* Release */,
			);
			defaultConfigurationIsVisible = 0;
			defaultConfigurationName = Release;
		};
		500D240520E6AE7A00AACF84 /* Build configuration list for PBXNativeTarget "MetalIntro1UITests" */ = {
			isa = XCConfigurationList;
			buildConfigurations = (
				500D240620E6AE7A00AACF84 /* Debug */,
				500D240720E6AE7A00AACF84 /* Release */,
			);
			defaultConfigurationIsVisible = 0;
			defaultConfigurationName = Release;
		};
/* End XCConfigurationList section */
	};
	rootObject = 500D23D120E6AE7800AACF84 /* Project object */;
}
